// !$*UTF8*$!
{
	archiveVersion = 1;
	classes = {
	};
	objectVersion = 56;
	objects = {

/* Begin PBXBuildFile section */
		5E1AEAC42D379353001143BF /* AppDelegate.swift in Sources */ = {isa = PBXBuildFile; fileRef = 5E1AEAC32D379353001143BF /* AppDelegate.swift */; };
		5E1AEAC62D379353001143BF /* SceneDelegate.swift in Sources */ = {isa = PBXBuildFile; fileRef = 5E1AEAC52D379353001143BF /* SceneDelegate.swift */; };
		5E1AEAC82D379353001143BF /* ViewController.swift in Sources */ = {isa = PBXBuildFile; fileRef = 5E1AEAC72D379353001143BF /* ViewController.swift */; };
		5E1AEACB2D379353001143BF /* Main.storyboard in Resources */ = {isa = PBXBuildFile; fileRef = 5E1AEAC92D379353001143BF /* Main.storyboard */; };
		5E1AEACD2D379355001143BF /* Assets.xcassets in Resources */ = {isa = PBXBuildFile; fileRef = 5E1AEACC2D379355001143BF /* Assets.xcassets */; };
		5E1AEAD02D379355001143BF /* LaunchScreen.storyboard in Resources */ = {isa = PBXBuildFile; fileRef = 5E1AEACE2D379355001143BF /* LaunchScreen.storyboard */; };
		5E1AEAD92D37936E001143BF /* Alamofire in Frameworks */ = {isa = PBXBuildFile; productRef = 5E1AEAD82D37936E001143BF /* Alamofire */; };
		5E1AEADC2D37937B001143BF /* SnapKit in Frameworks */ = {isa = PBXBuildFile; productRef = 5E1AEADB2D37937B001143BF /* SnapKit */; };
		5E1AEADF2D379386001143BF /* Kingfisher in Frameworks */ = {isa = PBXBuildFile; productRef = 5E1AEADE2D379386001143BF /* Kingfisher */; };
		5E1AEAE32D3793C9001143BF /* .gitignore in Resources */ = {isa = PBXBuildFile; fileRef = 5E1AEAE22D3793C9001143BF /* .gitignore */; };
		5E1AEAE52D3793F7001143BF /* APIKey.swift in Sources */ = {isa = PBXBuildFile; fileRef = 5E1AEAE42D3793F7001143BF /* APIKey.swift */; };
		5E1AEAE72D3794E6001143BF /* ShoppingTitleViewController.swift in Sources */ = {isa = PBXBuildFile; fileRef = 5E1AEAE62D3794E6001143BF /* ShoppingTitleViewController.swift */; };
		5E1AEAE92D3794F8001143BF /* ShoppingDetailViewController.swift in Sources */ = {isa = PBXBuildFile; fileRef = 5E1AEAE82D3794F8001143BF /* ShoppingDetailViewController.swift */; };
		5E1AEAEB2D37951A001143BF /* ShoppingDetailCollectionViewCell.swift in Sources */ = {isa = PBXBuildFile; fileRef = 5E1AEAEA2D37951A001143BF /* ShoppingDetailCollectionViewCell.swift */; };
		5E1AEAED2D379744001143BF /* Shopping.swift in Sources */ = {isa = PBXBuildFile; fileRef = 5E1AEAEC2D379744001143BF /* Shopping.swift */; };
		5E1AEAEF2D37F4D0001143BF /* Extension.swift in Sources */ = {isa = PBXBuildFile; fileRef = 5E1AEAEE2D37F4D0001143BF /* Extension.swift */; };
/* End PBXBuildFile section */

/* Begin PBXFileReference section */
		5E1AEAC02D379353001143BF /* SeSacHW16.app */ = {isa = PBXFileReference; explicitFileType = wrapper.application; includeInIndex = 0; path = SeSacHW16.app; sourceTree = BUILT_PRODUCTS_DIR; };
		5E1AEAC32D379353001143BF /* AppDelegate.swift */ = {isa = PBXFileReference; lastKnownFileType = sourcecode.swift; path = AppDelegate.swift; sourceTree = "<group>"; };
		5E1AEAC52D379353001143BF /* SceneDelegate.swift */ = {isa = PBXFileReference; lastKnownFileType = sourcecode.swift; path = SceneDelegate.swift; sourceTree = "<group>"; };
		5E1AEAC72D379353001143BF /* ViewController.swift */ = {isa = PBXFileReference; lastKnownFileType = sourcecode.swift; path = ViewController.swift; sourceTree = "<group>"; };
		5E1AEACA2D379353001143BF /* Base */ = {isa = PBXFileReference; lastKnownFileType = file.storyboard; name = Base; path = Base.lproj/Main.storyboard; sourceTree = "<group>"; };
		5E1AEACC2D379355001143BF /* Assets.xcassets */ = {isa = PBXFileReference; lastKnownFileType = folder.assetcatalog; path = Assets.xcassets; sourceTree = "<group>"; };
		5E1AEACF2D379355001143BF /* Base */ = {isa = PBXFileReference; lastKnownFileType = file.storyboard; name = Base; path = Base.lproj/LaunchScreen.storyboard; sourceTree = "<group>"; };
		5E1AEAD12D379355001143BF /* Info.plist */ = {isa = PBXFileReference; lastKnownFileType = text.plist.xml; path = Info.plist; sourceTree = "<group>"; };
		5E1AEAE22D3793C9001143BF /* .gitignore */ = {isa = PBXFileReference; lastKnownFileType = text; path = .gitignore; sourceTree = "<group>"; };
		5E1AEAE42D3793F7001143BF /* APIKey.swift */ = {isa = PBXFileReference; lastKnownFileType = sourcecode.swift; path = APIKey.swift; sourceTree = "<group>"; };
		5E1AEAE62D3794E6001143BF /* ShoppingTitleViewController.swift */ = {isa = PBXFileReference; lastKnownFileType = sourcecode.swift; path = ShoppingTitleViewController.swift; sourceTree = "<group>"; };
		5E1AEAE82D3794F8001143BF /* ShoppingDetailViewController.swift */ = {isa = PBXFileReference; lastKnownFileType = sourcecode.swift; path = ShoppingDetailViewController.swift; sourceTree = "<group>"; };
		5E1AEAEA2D37951A001143BF /* ShoppingDetailCollectionViewCell.swift */ = {isa = PBXFileReference; lastKnownFileType = sourcecode.swift; path = ShoppingDetailCollectionViewCell.swift; sourceTree = "<group>"; };
		5E1AEAEC2D379744001143BF /* Shopping.swift */ = {isa = PBXFileReference; lastKnownFileType = sourcecode.swift; path = Shopping.swift; sourceTree = "<group>"; };
		5E1AEAEE2D37F4D0001143BF /* Extension.swift */ = {isa = PBXFileReference; lastKnownFileType = sourcecode.swift; path = Extension.swift; sourceTree = "<group>"; };
/* End PBXFileReference section */

/* Begin PBXFrameworksBuildPhase section */
		5E1AEABD2D379353001143BF /* Frameworks */ = {
			isa = PBXFrameworksBuildPhase;
			buildActionMask = 2147483647;
			files = (
				5E1AEADF2D379386001143BF /* Kingfisher in Frameworks */,
				5E1AEAD92D37936E001143BF /* Alamofire in Frameworks */,
				5E1AEADC2D37937B001143BF /* SnapKit in Frameworks */,
			);
			runOnlyForDeploymentPostprocessing = 0;
		};
/* End PBXFrameworksBuildPhase section */

/* Begin PBXGroup section */
		5E1AEAB72D379353001143BF = {
			isa = PBXGroup;
			children = (
				5E1AEAE22D3793C9001143BF /* .gitignore */,
				5E1AEAC22D379353001143BF /* SeSacHW16 */,
				5E1AEAC12D379353001143BF /* Products */,
			);
			sourceTree = "<group>";
		};
		5E1AEAC12D379353001143BF /* Products */ = {
			isa = PBXGroup;
			children = (
				5E1AEAC02D379353001143BF /* SeSacHW16.app */,
			);
			name = Products;
			sourceTree = "<group>";
		};
		5E1AEAC22D379353001143BF /* SeSacHW16 */ = {
			isa = PBXGroup;
			children = (
				5E1AEAC32D379353001143BF /* AppDelegate.swift */,
				5E1AEAC52D379353001143BF /* SceneDelegate.swift */,
				5E1AEAC72D379353001143BF /* ViewController.swift */,
				5E1AEAC92D379353001143BF /* Main.storyboard */,
				5E1AEACC2D379355001143BF /* Assets.xcassets */,
				5E1AEACE2D379355001143BF /* LaunchScreen.storyboard */,
				5E1AEAD12D379355001143BF /* Info.plist */,
				5E1AEAE42D3793F7001143BF /* APIKey.swift */,
				5E1AEAE62D3794E6001143BF /* ShoppingTitleViewController.swift */,
				5E1AEAE82D3794F8001143BF /* ShoppingDetailViewController.swift */,
				5E1AEAEA2D37951A001143BF /* ShoppingDetailCollectionViewCell.swift */,
				5E1AEAEC2D379744001143BF /* Shopping.swift */,
				5E1AEAEE2D37F4D0001143BF /* Extension.swift */,
			);
			path = SeSacHW16;
			sourceTree = "<group>";
		};
/* End PBXGroup section */

/* Begin PBXNativeTarget section */
		5E1AEABF2D379353001143BF /* SeSacHW16 */ = {
			isa = PBXNativeTarget;
			buildConfigurationList = 5E1AEAD42D379355001143BF /* Build configuration list for PBXNativeTarget "SeSacHW16" */;
			buildPhases = (
				5E1AEABC2D379353001143BF /* Sources */,
				5E1AEABD2D379353001143BF /* Frameworks */,
				5E1AEABE2D379353001143BF /* Resources */,
			);
			buildRules = (
			);
			dependencies = (
			);
			name = SeSacHW16;
			packageProductDependencies = (
				5E1AEAD82D37936E001143BF /* Alamofire */,
				5E1AEADB2D37937B001143BF /* SnapKit */,
				5E1AEADE2D379386001143BF /* Kingfisher */,
			);
			productName = SeSacHW16;
			productReference = 5E1AEAC02D379353001143BF /* SeSacHW16.app */;
			productType = "com.apple.product-type.application";
		};
/* End PBXNativeTarget section */

/* Begin PBXProject section */
		5E1AEAB82D379353001143BF /* Project object */ = {
			isa = PBXProject;
			attributes = {
				BuildIndependentTargetsInParallel = 1;
				LastSwiftUpdateCheck = 1520;
				LastUpgradeCheck = 1520;
				TargetAttributes = {
					5E1AEABF2D379353001143BF = {
						CreatedOnToolsVersion = 15.2;
					};
				};
			};
			buildConfigurationList = 5E1AEABB2D379353001143BF /* Build configuration list for PBXProject "SeSacHW16" */;
			compatibilityVersion = "Xcode 14.0";
			developmentRegion = en;
			hasScannedForEncodings = 0;
			knownRegions = (
				en,
				Base,
			);
			mainGroup = 5E1AEAB72D379353001143BF;
			packageReferences = (
				5E1AEAD72D37936E001143BF /* XCRemoteSwiftPackageReference "Alamofire" */,
				5E1AEADA2D37937B001143BF /* XCRemoteSwiftPackageReference "SnapKit" */,
				5E1AEADD2D379386001143BF /* XCRemoteSwiftPackageReference "Kingfisher" */,
			);
			productRefGroup = 5E1AEAC12D379353001143BF /* Products */;
			projectDirPath = "";
			projectRoot = "";
			targets = (
				5E1AEABF2D379353001143BF /* SeSacHW16 */,
			);
		};
/* End PBXProject section */

/* Begin PBXResourcesBuildPhase section */
		5E1AEABE2D379353001143BF /* Resources */ = {
			isa = PBXResourcesBuildPhase;
			buildActionMask = 2147483647;
			files = (
				5E1AEAE32D3793C9001143BF /* .gitignore in Resources */,
				5E1AEAD02D379355001143BF /* LaunchScreen.storyboard in Resources */,
				5E1AEACD2D379355001143BF /* Assets.xcassets in Resources */,
				5E1AEACB2D379353001143BF /* Main.storyboard in Resources */,
			);
			runOnlyForDeploymentPostprocessing = 0;
		};
/* End PBXResourcesBuildPhase section */

/* Begin PBXSourcesBuildPhase section */
		5E1AEABC2D379353001143BF /* Sources */ = {
			isa = PBXSourcesBuildPhase;
			buildActionMask = 2147483647;
			files = (
				5E1AEAEF2D37F4D0001143BF /* Extension.swift in Sources */,
				5E1AEAC82D379353001143BF /* ViewController.swift in Sources */,
				5E1AEAED2D379744001143BF /* Shopping.swift in Sources */,
				5E1AEAE92D3794F8001143BF /* ShoppingDetailViewController.swift in Sources */,
				5E1AEAE72D3794E6001143BF /* ShoppingTitleViewController.swift in Sources */,
				5E1AEAC42D379353001143BF /* AppDelegate.swift in Sources */,
				5E1AEAEB2D37951A001143BF /* ShoppingDetailCollectionViewCell.swift in Sources */,
				5E1AEAE52D3793F7001143BF /* APIKey.swift in Sources */,
				5E1AEAC62D379353001143BF /* SceneDelegate.swift in Sources */,
			);
			runOnlyForDeploymentPostprocessing = 0;
		};
/* End PBXSourcesBuildPhase section */

/* Begin PBXVariantGroup section */
		5E1AEAC92D379353001143BF /* Main.storyboard */ = {
			isa = PBXVariantGroup;
			children = (
				5E1AEACA2D379353001143BF /* Base */,
			);
			name = Main.storyboard;
			sourceTree = "<group>";
		};
		5E1AEACE2D379355001143BF /* LaunchScreen.storyboard */ = {
			isa = PBXVariantGroup;
			children = (
				5E1AEACF2D379355001143BF /* Base */,
			);
			name = LaunchScreen.storyboard;
			sourceTree = "<group>";
		};
/* End PBXVariantGroup section */

/* Begin XCBuildConfiguration section */
		5E1AEAD22D379355001143BF /* Debug */ = {
			isa = XCBuildConfiguration;
			buildSettings = {
				ALWAYS_SEARCH_USER_PATHS = NO;
				ASSETCATALOG_COMPILER_GENERATE_SWIFT_ASSET_SYMBOL_EXTENSIONS = YES;
				CLANG_ANALYZER_NONNULL = YES;
				CLANG_ANALYZER_NUMBER_OBJECT_CONVERSION = YES_AGGRESSIVE;
				CLANG_CXX_LANGUAGE_STANDARD = "gnu++20";
				CLANG_ENABLE_MODULES = YES;
				CLANG_ENABLE_OBJC_ARC = YES;
				CLANG_ENABLE_OBJC_WEAK = YES;
				CLANG_WARN_BLOCK_CAPTURE_AUTORELEASING = YES;
				CLANG_WARN_BOOL_CONVERSION = YES;
				CLANG_WARN_COMMA = YES;
				CLANG_WARN_CONSTANT_CONVERSION = YES;
				CLANG_WARN_DEPRECATED_OBJC_IMPLEMENTATIONS = YES;
				CLANG_WARN_DIRECT_OBJC_ISA_USAGE = YES_ERROR;
				CLANG_WARN_DOCUMENTATION_COMMENTS = YES;
				CLANG_WARN_EMPTY_BODY = YES;
				CLANG_WARN_ENUM_CONVERSION = YES;
				CLANG_WARN_INFINITE_RECURSION = YES;
				CLANG_WARN_INT_CONVERSION = YES;
				CLANG_WARN_NON_LITERAL_NULL_CONVERSION = YES;
				CLANG_WARN_OBJC_IMPLICIT_RETAIN_SELF = YES;
				CLANG_WARN_OBJC_LITERAL_CONVERSION = YES;
				CLANG_WARN_OBJC_ROOT_CLASS = YES_ERROR;
				CLANG_WARN_QUOTED_INCLUDE_IN_FRAMEWORK_HEADER = YES;
				CLANG_WARN_RANGE_LOOP_ANALYSIS = YES;
				CLANG_WARN_STRICT_PROTOTYPES = YES;
				CLANG_WARN_SUSPICIOUS_MOVE = YES;
				CLANG_WARN_UNGUARDED_AVAILABILITY = YES_AGGRESSIVE;
				CLANG_WARN_UNREACHABLE_CODE = YES;
				CLANG_WARN__DUPLICATE_METHOD_MATCH = YES;
				COPY_PHASE_STRIP = NO;
				DEBUG_INFORMATION_FORMAT = dwarf;
				ENABLE_STRICT_OBJC_MSGSEND = YES;
				ENABLE_TESTABILITY = YES;
				ENABLE_USER_SCRIPT_SANDBOXING = YES;
				GCC_C_LANGUAGE_STANDARD = gnu17;
				GCC_DYNAMIC_NO_PIC = NO;
				GCC_NO_COMMON_BLOCKS = YES;
				GCC_OPTIMIZATION_LEVEL = 0;
				GCC_PREPROCESSOR_DEFINITIONS = (
					"DEBUG=1",
					"$(inherited)",
				);
				GCC_WARN_64_TO_32_BIT_CONVERSION = YES;
				GCC_WARN_ABOUT_RETURN_TYPE = YES_ERROR;
				GCC_WARN_UNDECLARED_SELECTOR = YES;
				GCC_WARN_UNINITIALIZED_AUTOS = YES_AGGRESSIVE;
				GCC_WARN_UNUSED_FUNCTION = YES;
				GCC_WARN_UNUSED_VARIABLE = YES;
				IPHONEOS_DEPLOYMENT_TARGET = 17.2;
				LOCALIZATION_PREFERS_STRING_CATALOGS = YES;
				MTL_ENABLE_DEBUG_INFO = INCLUDE_SOURCE;
				MTL_FAST_MATH = YES;
				ONLY_ACTIVE_ARCH = YES;
				SDKROOT = iphoneos;
				SWIFT_ACTIVE_COMPILATION_CONDITIONS = "DEBUG $(inherited)";
				SWIFT_OPTIMIZATION_LEVEL = "-Onone";
			};
			name = Debug;
		};
		5E1AEAD32D379355001143BF /* Release */ = {
			isa = XCBuildConfiguration;
			buildSettings = {
				ALWAYS_SEARCH_USER_PATHS = NO;
				ASSETCATALOG_COMPILER_GENERATE_SWIFT_ASSET_SYMBOL_EXTENSIONS = YES;
				CLANG_ANALYZER_NONNULL = YES;
				CLANG_ANALYZER_NUMBER_OBJECT_CONVERSION = YES_AGGRESSIVE;
				CLANG_CXX_LANGUAGE_STANDARD = "gnu++20";
				CLANG_ENABLE_MODULES = YES;
				CLANG_ENABLE_OBJC_ARC = YES;
				CLANG_ENABLE_OBJC_WEAK = YES;
				CLANG_WARN_BLOCK_CAPTURE_AUTORELEASING = YES;
				CLANG_WARN_BOOL_CONVERSION = YES;
				CLANG_WARN_COMMA = YES;
				CLANG_WARN_CONSTANT_CONVERSION = YES;
				CLANG_WARN_DEPRECATED_OBJC_IMPLEMENTATIONS = YES;
				CLANG_WARN_DIRECT_OBJC_ISA_USAGE = YES_ERROR;
				CLANG_WARN_DOCUMENTATION_COMMENTS = YES;
				CLANG_WARN_EMPTY_BODY = YES;
				CLANG_WARN_ENUM_CONVERSION = YES;
				CLANG_WARN_INFINITE_RECURSION = YES;
				CLANG_WARN_INT_CONVERSION = YES;
				CLANG_WARN_NON_LITERAL_NULL_CONVERSION = YES;
				CLANG_WARN_OBJC_IMPLICIT_RETAIN_SELF = YES;
				CLANG_WARN_OBJC_LITERAL_CONVERSION = YES;
				CLANG_WARN_OBJC_ROOT_CLASS = YES_ERROR;
				CLANG_WARN_QUOTED_INCLUDE_IN_FRAMEWORK_HEADER = YES;
				CLANG_WARN_RANGE_LOOP_ANALYSIS = YES;
				CLANG_WARN_STRICT_PROTOTYPES = YES;
				CLANG_WARN_SUSPICIOUS_MOVE = YES;
				CLANG_WARN_UNGUARDED_AVAILABILITY = YES_AGGRESSIVE;
				CLANG_WARN_UNREACHABLE_CODE = YES;
				CLANG_WARN__DUPLICATE_METHOD_MATCH = YES;
				COPY_PHASE_STRIP = NO;
				DEBUG_INFORMATION_FORMAT = "dwarf-with-dsym";
				ENABLE_NS_ASSERTIONS = NO;
				ENABLE_STRICT_OBJC_MSGSEND = YES;
				ENABLE_USER_SCRIPT_SANDBOXING = YES;
				GCC_C_LANGUAGE_STANDARD = gnu17;
				GCC_NO_COMMON_BLOCKS = YES;
				GCC_WARN_64_TO_32_BIT_CONVERSION = YES;
				GCC_WARN_ABOUT_RETURN_TYPE = YES_ERROR;
				GCC_WARN_UNDECLARED_SELECTOR = YES;
				GCC_WARN_UNINITIALIZED_AUTOS = YES_AGGRESSIVE;
				GCC_WARN_UNUSED_FUNCTION = YES;
				GCC_WARN_UNUSED_VARIABLE = YES;
				IPHONEOS_DEPLOYMENT_TARGET = 17.2;
				LOCALIZATION_PREFERS_STRING_CATALOGS = YES;
				MTL_ENABLE_DEBUG_INFO = NO;
				MTL_FAST_MATH = YES;
				SDKROOT = iphoneos;
				SWIFT_COMPILATION_MODE = wholemodule;
				VALIDATE_PRODUCT = YES;
			};
			name = Release;
		};
		5E1AEAD52D379355001143BF /* Debug */ = {
			isa = XCBuildConfiguration;
			buildSettings = {
				ASSETCATALOG_COMPILER_APPICON_NAME = AppIcon;
				ASSETCATALOG_COMPILER_GLOBAL_ACCENT_COLOR_NAME = AccentColor;
				CODE_SIGN_STYLE = Automatic;
				CURRENT_PROJECT_VERSION = 1;
				GENERATE_INFOPLIST_FILE = YES;
				INFOPLIST_FILE = SeSacHW16/Info.plist;
				INFOPLIST_KEY_UIApplicationSupportsIndirectInputEvents = YES;
				INFOPLIST_KEY_UILaunchStoryboardName = LaunchScreen;
				INFOPLIST_KEY_UIMainStoryboardFile = Main;
				INFOPLIST_KEY_UISupportedInterfaceOrientations_iPad = "UIInterfaceOrientationPortrait UIInterfaceOrientationPortraitUpsideDown UIInterfaceOrientationLandscapeLeft UIInterfaceOrientationLandscapeRight";
				INFOPLIST_KEY_UISupportedInterfaceOrientations_iPhone = "UIInterfaceOrientationPortrait UIInterfaceOrientationLandscapeLeft UIInterfaceOrientationLandscapeRight";
				LD_RUNPATH_SEARCH_PATHS = (
					"$(inherited)",
					"@executable_path/Frameworks",
				);
				MARKETING_VERSION = 1.0;
				PRODUCT_BUNDLE_IDENTIFIER = com.hoon.SeSacHW16;
				PRODUCT_NAME = "$(TARGET_NAME)";
				SUPPORTED_PLATFORMS = "iphoneos iphonesimulator";
				SUPPORTS_MACCATALYST = NO;
				SUPPORTS_MAC_DESIGNED_FOR_IPHONE_IPAD = NO;
				SWIFT_EMIT_LOC_STRINGS = YES;
				SWIFT_VERSION = 5.0;
				TARGETED_DEVICE_FAMILY = 1;
			};
			name = Debug;
		};
		5E1AEAD62D379355001143BF /* Release */ = {
			isa = XCBuildConfiguration;
			buildSettings = {
				ASSETCATALOG_COMPILER_APPICON_NAME = AppIcon;
				ASSETCATALOG_COMPILER_GLOBAL_ACCENT_COLOR_NAME = AccentColor;
				CODE_SIGN_STYLE = Automatic;
				CURRENT_PROJECT_VERSION = 1;
				GENERATE_INFOPLIST_FILE = YES;
				INFOPLIST_FILE = SeSacHW16/Info.plist;
				INFOPLIST_KEY_UIApplicationSupportsIndirectInputEvents = YES;
				INFOPLIST_KEY_UILaunchStoryboardName = LaunchScreen;
				INFOPLIST_KEY_UIMainStoryboardFile = Main;
				INFOPLIST_KEY_UISupportedInterfaceOrientations_iPad = "UIInterfaceOrientationPortrait UIInterfaceOrientationPortraitUpsideDown UIInterfaceOrientationLandscapeLeft UIInterfaceOrientationLandscapeRight";
				INFOPLIST_KEY_UISupportedInterfaceOrientations_iPhone = "UIInterfaceOrientationPortrait UIInterfaceOrientationLandscapeLeft UIInterfaceOrientationLandscapeRight";
				LD_RUNPATH_SEARCH_PATHS = (
					"$(inherited)",
					"@executable_path/Frameworks",
				);
				MARKETING_VERSION = 1.0;
				PRODUCT_BUNDLE_IDENTIFIER = com.hoon.SeSacHW16;
				PRODUCT_NAME = "$(TARGET_NAME)";
				SUPPORTED_PLATFORMS = "iphoneos iphonesimulator";
				SUPPORTS_MACCATALYST = NO;
				SUPPORTS_MAC_DESIGNED_FOR_IPHONE_IPAD = NO;
				SWIFT_EMIT_LOC_STRINGS = YES;
				SWIFT_VERSION = 5.0;
				TARGETED_DEVICE_FAMILY = 1;
			};
			name = Release;
		};
/* End XCBuildConfiguration section */

/* Begin XCConfigurationList section */
		5E1AEABB2D379353001143BF /* Build configuration list for PBXProject "SeSacHW16" */ = {
			isa = XCConfigurationList;
			buildConfigurations = (
				5E1AEAD22D379355001143BF /* Debug */,
				5E1AEAD32D379355001143BF /* Release */,
			);
			defaultConfigurationIsVisible = 0;
			defaultConfigurationName = Release;
		};
		5E1AEAD42D379355001143BF /* Build configuration list for PBXNativeTarget "SeSacHW16" */ = {
			isa = XCConfigurationList;
			buildConfigurations = (
				5E1AEAD52D379355001143BF /* Debug */,
				5E1AEAD62D379355001143BF /* Release */,
			);
			defaultConfigurationIsVisible = 0;
			defaultConfigurationName = Release;
		};
/* End XCConfigurationList section */

/* Begin XCRemoteSwiftPackageReference section */
		5E1AEAD72D37936E001143BF /* XCRemoteSwiftPackageReference "Alamofire" */ = {
			isa = XCRemoteSwiftPackageReference;
			repositoryURL = "https://github.com/Alamofire/Alamofire";
			requirement = {
				kind = upToNextMajorVersion;
				minimumVersion = 5.10.2;
			};
		};
		5E1AEADA2D37937B001143BF /* XCRemoteSwiftPackageReference "SnapKit" */ = {
			isa = XCRemoteSwiftPackageReference;
			repositoryURL = "https://github.com/SnapKit/SnapKit";
			requirement = {
				kind = upToNextMajorVersion;
				minimumVersion = 5.7.1;
			};
		};
		5E1AEADD2D379386001143BF /* XCRemoteSwiftPackageReference "Kingfisher" */ = {
			isa = XCRemoteSwiftPackageReference;
			repositoryURL = "https://github.com/onevcat/Kingfisher";
			requirement = {
				kind = upToNextMajorVersion;
				minimumVersion = 8.1.3;
			};
		};
/* End XCRemoteSwiftPackageReference section */

/* Begin XCSwiftPackageProductDependency section */
		5E1AEAD82D37936E001143BF /* Alamofire */ = {
			isa = XCSwiftPackageProductDependency;
			package = 5E1AEAD72D37936E001143BF /* XCRemoteSwiftPackageReference "Alamofire" */;
			productName = Alamofire;
		};
		5E1AEADB2D37937B001143BF /* SnapKit */ = {
			isa = XCSwiftPackageProductDependency;
			package = 5E1AEADA2D37937B001143BF /* XCRemoteSwiftPackageReference "SnapKit" */;
			productName = SnapKit;
		};
		5E1AEADE2D379386001143BF /* Kingfisher */ = {
			isa = XCSwiftPackageProductDependency;
			package = 5E1AEADD2D379386001143BF /* XCRemoteSwiftPackageReference "Kingfisher" */;
			productName = Kingfisher;
		};
/* End XCSwiftPackageProductDependency section */
	};
	rootObject = 5E1AEAB82D379353001143BF /* Project object */;
}
